
Microsoft Visual Studio Solution File, Format Version 12.00
# Visual Studio Version 17
VisualStudioVersion = 17.0.32014.148
MinimumVisualStudioVersion = 10.0.40219.1
Project("{FAE04EC0-301F-11D3-BF4B-00C04F79EFBC}") = "ÖRNEK UYGULAMA", "ÖRNEK UYGULAMA\ÖRNEK UYGULAMA.csproj", "{5FA44D88-13D2-45FE-B0FE-1E21DD1392B7}"
EndProject
Global
	GlobalSection(SolutionConfigurationPlatforms) = preSolution
		Debug|Any CPU = Debug|Any CPU
		Release|Any CPU = Release|Any CPU
	EndGlobalSection
	GlobalSection(ProjectConfigurationPlatforms) = postSolution
		{5FA44D88-13D2-45FE-B0FE-1E21DD1392B7}.Debug|Any CPU.ActiveCfg = Debug|Any CPU
		{5FA44D88-13D2-45FE-B0FE-1E21DD1392B7}.Debug|Any CPU.Build.0 = Debug|Any CPU
		{5FA44D88-13D2-45FE-B0FE-1E21DD1392B7}.Release|Any CPU.ActiveCfg = Release|Any CPU
		{5FA44D88-13D2-45FE-B0FE-1E21DD1392B7}.Release|Any CPU.Build.0 = Release|Any CPU
	EndGlobalSection
	GlobalSection(SolutionProperties) = preSolution
		HideSolutionNode = FALSE
	EndGlobalSection
	GlobalSection(ExtensibilityGlobals) = postSolution
		SolutionGuid = {E87F47B2-2E0E-4B4D-8EE6-AEA68442EB6D}
	EndGlobalSection
EndGlobal
